// !$*UTF8*$!
{
	archiveVersion = 1;
	classes = {
	};
	objectVersion = 50;
	objects = {

/* Begin PBXBuildFile section */
		D32273F3218535AD0068A69D /* AppDelegate.swift in Sources */ = {isa = PBXBuildFile; fileRef = D32273F2218535AD0068A69D /* AppDelegate.swift */; };
		D32273FA218535AE0068A69D /* Assets.xcassets in Resources */ = {isa = PBXBuildFile; fileRef = D32273F9218535AE0068A69D /* Assets.xcassets */; };
		D324D66121860B9D0089CD44 /* MainTableViewController.swift in Sources */ = {isa = PBXBuildFile; fileRef = D324D66021860B9D0089CD44 /* MainTableViewController.swift */; };
		D352110921BD2AB3009EFD09 /* ResumeSchemaTableViewHeader.swift in Sources */ = {isa = PBXBuildFile; fileRef = D352110821BD2AB3009EFD09 /* ResumeSchemaTableViewHeader.swift */; };
		D352110B21BD3C4D009EFD09 /* languagesLayoutTableViewController.swift in Sources */ = {isa = PBXBuildFile; fileRef = D352110A21BD3C4D009EFD09 /* languagesLayoutTableViewController.swift */; };
		D352110D21BD3C5F009EFD09 /* languagesLayoutTableViewCell.swift in Sources */ = {isa = PBXBuildFile; fileRef = D352110C21BD3C5F009EFD09 /* languagesLayoutTableViewCell.swift */; };
		D353A2D921B5BCDF002D9DC9 /* UILabel+Localization.swift in Sources */ = {isa = PBXBuildFile; fileRef = D353A2D821B5BCDF002D9DC9 /* UILabel+Localization.swift */; };
		D353A2DC21B5BE89002D9DC9 /* Localizable.strings in Resources */ = {isa = PBXBuildFile; fileRef = D353A2DE21B5BE89002D9DC9 /* Localizable.strings */; };
		D353A2E221B5BFAF002D9DC9 /* Main.storyboard in Resources */ = {isa = PBXBuildFile; fileRef = D353A2E021B5BFAF002D9DC9 /* Main.storyboard */; };
		D353A2E321B5BFAF002D9DC9 /* LaunchScreen.storyboard in Resources */ = {isa = PBXBuildFile; fileRef = D353A2E121B5BFAF002D9DC9 /* LaunchScreen.storyboard */; };
		D359DC7921AB74B4008011EE /* ResumeSchemaTableViewCell.swift in Sources */ = {isa = PBXBuildFile; fileRef = D359DC7821AB74B4008011EE /* ResumeSchemaTableViewCell.swift */; };
		D359DC7B21AB7593008011EE /* ResumeSchemaTableViewController.swift in Sources */ = {isa = PBXBuildFile; fileRef = D359DC7A21AB7593008011EE /* ResumeSchemaTableViewController.swift */; };
		D3646F3221BE414100E726D8 /* languagesLayoutTableViewHeader.swift in Sources */ = {isa = PBXBuildFile; fileRef = D3646F3121BE414100E726D8 /* languagesLayoutTableViewHeader.swift */; };
		D3646F3421BE429000E726D8 /* educationLayoutTableViewHeader.swift in Sources */ = {isa = PBXBuildFile; fileRef = D3646F3321BE429000E726D8 /* educationLayoutTableViewHeader.swift */; };
		D39483EE21BA72510074430E /* profilesLayout.storyboard in Resources */ = {isa = PBXBuildFile; fileRef = D39483ED21BA72510074430E /* profilesLayout.storyboard */; };
		D3AAD5B421BDC291004876FF /* skillsLayoutTableViewHeader.swift in Sources */ = {isa = PBXBuildFile; fileRef = D3AAD5B321BDC291004876FF /* skillsLayoutTableViewHeader.swift */; };
		D3B28BE721A6236000029A3F /* MainTableViewCell.swift in Sources */ = {isa = PBXBuildFile; fileRef = D3B28BE621A6236000029A3F /* MainTableViewCell.swift */; };
		D3B42ABC21867BC500F183B9 /* Resume.swift in Sources */ = {isa = PBXBuildFile; fileRef = D3B42ABB21867BC500F183B9 /* Resume.swift */; };
		D3D498A021B88112008ABCED /* infoLayout.storyboard in Resources */ = {isa = PBXBuildFile; fileRef = D3D4989F21B88112008ABCED /* infoLayout.storyboard */; };
		D3D498A221B88136008ABCED /* summaryLayout.storyboard in Resources */ = {isa = PBXBuildFile; fileRef = D3D498A121B88136008ABCED /* summaryLayout.storyboard */; };
		D3D498A621B8814D008ABCED /* skillsLayout.storyboard in Resources */ = {isa = PBXBuildFile; fileRef = D3D498A521B8814D008ABCED /* skillsLayout.storyboard */; };
		D3D498A821B8815D008ABCED /* languagesLayout.storyboard in Resources */ = {isa = PBXBuildFile; fileRef = D3D498A721B8815D008ABCED /* languagesLayout.storyboard */; };
		D3D498AA21B88167008ABCED /* educationLayout.storyboard in Resources */ = {isa = PBXBuildFile; fileRef = D3D498A921B88167008ABCED /* educationLayout.storyboard */; };
		D3D498AC21B88170008ABCED /* experienceLayout.storyboard in Resources */ = {isa = PBXBuildFile; fileRef = D3D498AB21B88170008ABCED /* experienceLayout.storyboard */; };
		D3D498AE21B8817B008ABCED /* volunteerLayout.storyboard in Resources */ = {isa = PBXBuildFile; fileRef = D3D498AD21B8817B008ABCED /* volunteerLayout.storyboard */; };
		D3D498B021B88185008ABCED /* awardsLayout.storyboard in Resources */ = {isa = PBXBuildFile; fileRef = D3D498AF21B88185008ABCED /* awardsLayout.storyboard */; };
		D3D498B221B88190008ABCED /* publicationsLayout.storyboard in Resources */ = {isa = PBXBuildFile; fileRef = D3D498B121B88190008ABCED /* publicationsLayout.storyboard */; };
		D3D498B421B88199008ABCED /* interestsLayout.storyboard in Resources */ = {isa = PBXBuildFile; fileRef = D3D498B321B88199008ABCED /* interestsLayout.storyboard */; };
		D3D498B621B881A4008ABCED /* referencesLayout.storyboard in Resources */ = {isa = PBXBuildFile; fileRef = D3D498B521B881A4008ABCED /* referencesLayout.storyboard */; };
		D3D498B821B88AC1008ABCED /* contactLayoutViewController.swift in Sources */ = {isa = PBXBuildFile; fileRef = D3D498B721B88AC1008ABCED /* contactLayoutViewController.swift */; };
		D3D498BA21B88AF5008ABCED /* contactLayoutView.swift in Sources */ = {isa = PBXBuildFile; fileRef = D3D498B921B88AF5008ABCED /* contactLayoutView.swift */; };
		D3D498BC21B88B14008ABCED /* infoLayoutView.swift in Sources */ = {isa = PBXBuildFile; fileRef = D3D498BB21B88B14008ABCED /* infoLayoutView.swift */; };
		D3D498BE21B88B24008ABCED /* infoLayoutViewController.swift in Sources */ = {isa = PBXBuildFile; fileRef = D3D498BD21B88B24008ABCED /* infoLayoutViewController.swift */; };
		D3D498C021B88B38008ABCED /* SummaryLayoutViewController.swift in Sources */ = {isa = PBXBuildFile; fileRef = D3D498BF21B88B38008ABCED /* SummaryLayoutViewController.swift */; };
		D3D498C221B88B4A008ABCED /* summaryLayoutView.swift in Sources */ = {isa = PBXBuildFile; fileRef = D3D498C121B88B4A008ABCED /* summaryLayoutView.swift */; };
		D3D498C821B89443008ABCED /* ProfilesLayoutViewController.swift in Sources */ = {isa = PBXBuildFile; fileRef = D3D498C721B89443008ABCED /* ProfilesLayoutViewController.swift */; };
		D3D498CA21B89459008ABCED /* profilesLayoutView.swift in Sources */ = {isa = PBXBuildFile; fileRef = D3D498C921B89459008ABCED /* profilesLayoutView.swift */; };
		D3D498CC21B89473008ABCED /* skillsLayoutTableViewController.swift in Sources */ = {isa = PBXBuildFile; fileRef = D3D498CB21B89473008ABCED /* skillsLayoutTableViewController.swift */; };
		D3D498CE21B89489008ABCED /* skillsLayoutTableViewCell.swift in Sources */ = {isa = PBXBuildFile; fileRef = D3D498CD21B89489008ABCED /* skillsLayoutTableViewCell.swift */; };
		D3D498D021B8949E008ABCED /* educationLayoutTableViewCell.swift in Sources */ = {isa = PBXBuildFile; fileRef = D3D498CF21B8949E008ABCED /* educationLayoutTableViewCell.swift */; };
		D3D498D221B894AE008ABCED /* experienceLayoutTableViewCell.swift in Sources */ = {isa = PBXBuildFile; fileRef = D3D498D121B894AE008ABCED /* experienceLayoutTableViewCell.swift */; };
		D3D498D421B894DE008ABCED /* volunteerLayoutTableViewCell.swift in Sources */ = {isa = PBXBuildFile; fileRef = D3D498D321B894DE008ABCED /* volunteerLayoutTableViewCell.swift */; };
		D3D498D621B894EA008ABCED /* awardsLayoutTableViewCell.swift in Sources */ = {isa = PBXBuildFile; fileRef = D3D498D521B894EA008ABCED /* awardsLayoutTableViewCell.swift */; };
		D3D498D821B894F6008ABCED /* publicationsLayoutTableViewCell.swift in Sources */ = {isa = PBXBuildFile; fileRef = D3D498D721B894F6008ABCED /* publicationsLayoutTableViewCell.swift */; };
		D3D498DA21B89506008ABCED /* interestsLayoutTableViewCell.swift in Sources */ = {isa = PBXBuildFile; fileRef = D3D498D921B89506008ABCED /* interestsLayoutTableViewCell.swift */; };
		D3D498DC21B89513008ABCED /* referencesLayoutTableViewCell.swift in Sources */ = {isa = PBXBuildFile; fileRef = D3D498DB21B89513008ABCED /* referencesLayoutTableViewCell.swift */; };
		D3D498DE21B8952D008ABCED /* educationLayoutTableViewController.swift in Sources */ = {isa = PBXBuildFile; fileRef = D3D498DD21B8952D008ABCED /* educationLayoutTableViewController.swift */; };
		D3D498E021B89539008ABCED /* experienceLayoutTableViewController.swift in Sources */ = {isa = PBXBuildFile; fileRef = D3D498DF21B89539008ABCED /* experienceLayoutTableViewController.swift */; };
		D3D498E221B89545008ABCED /* volunteerLayoutTableViewController.swift in Sources */ = {isa = PBXBuildFile; fileRef = D3D498E121B89545008ABCED /* volunteerLayoutTableViewController.swift */; };
		D3D498E421B89551008ABCED /* awardsLayoutTableViewController.swift in Sources */ = {isa = PBXBuildFile; fileRef = D3D498E321B89551008ABCED /* awardsLayoutTableViewController.swift */; };
		D3D498E621B8955C008ABCED /* publicationsLayoutTableViewController.swift in Sources */ = {isa = PBXBuildFile; fileRef = D3D498E521B8955C008ABCED /* publicationsLayoutTableViewController.swift */; };
		D3D498E821B89569008ABCED /* interestsLayoutTableViewController.swift in Sources */ = {isa = PBXBuildFile; fileRef = D3D498E721B89569008ABCED /* interestsLayoutTableViewController.swift */; };
		D3D498EA21B89576008ABCED /* referencesLayoutTableViewController.swift in Sources */ = {isa = PBXBuildFile; fileRef = D3D498E921B89576008ABCED /* referencesLayoutTableViewController.swift */; };
		D3D6920721BF31AA00A238FD /* LabelHeader.swift in Sources */ = {isa = PBXBuildFile; fileRef = D3D6920621BF31AA00A238FD /* LabelHeader.swift */; };
		D3D6920921BF43BE00A238FD /* experienceLayoutTableViewHeader.swift in Sources */ = {isa = PBXBuildFile; fileRef = D3D6920821BF43BE00A238FD /* experienceLayoutTableViewHeader.swift */; };
		D3D6920B21BF445A00A238FD /* volunteerLayoutTableViewHeader.swift in Sources */ = {isa = PBXBuildFile; fileRef = D3D6920A21BF445A00A238FD /* volunteerLayoutTableViewHeader.swift */; };
		D3D6920D21BF44CA00A238FD /* awardsLayoutTableViewHeader.swift in Sources */ = {isa = PBXBuildFile; fileRef = D3D6920C21BF44CA00A238FD /* awardsLayoutTableViewHeader.swift */; };
		D3D6920F21BF457100A238FD /* publicationsLayoutTableViewHeader.swift in Sources */ = {isa = PBXBuildFile; fileRef = D3D6920E21BF457100A238FD /* publicationsLayoutTableViewHeader.swift */; };
		D3D6921121BF45D400A238FD /* interestsLayoutTableViewHeader.swift in Sources */ = {isa = PBXBuildFile; fileRef = D3D6921021BF45D400A238FD /* interestsLayoutTableViewHeader.swift */; };
		D3D6921321BF463800A238FD /* referencesLayoutTableViewHeader.swift in Sources */ = {isa = PBXBuildFile; fileRef = D3D6921221BF463800A238FD /* referencesLayoutTableViewHeader.swift */; };
		D3E300D221A4D0980068D820 /* ResumeSchemaLayout.storyboard in Resources */ = {isa = PBXBuildFile; fileRef = D3E300D121A4D0980068D820 /* ResumeSchemaLayout.storyboard */; };
		D3E6BAC921B5FA35004F3F52 /* ContactLayout.storyboard in Resources */ = {isa = PBXBuildFile; fileRef = D3E6BAC821B5FA35004F3F52 /* ContactLayout.storyboard */; };
/* End PBXBuildFile section */

/* Begin PBXFileReference section */
		D32273EF218535AD0068A69D /* akarsh seggemu resume.app */ = {isa = PBXFileReference; explicitFileType = wrapper.application; includeInIndex = 0; path = "akarsh seggemu resume.app"; sourceTree = BUILT_PRODUCTS_DIR; };
		D32273F2218535AD0068A69D /* AppDelegate.swift */ = {isa = PBXFileReference; lastKnownFileType = sourcecode.swift; path = AppDelegate.swift; sourceTree = "<group>"; };
		D32273F9218535AE0068A69D /* Assets.xcassets */ = {isa = PBXFileReference; lastKnownFileType = folder.assetcatalog; path = Assets.xcassets; sourceTree = "<group>"; };
		D32273FE218535AE0068A69D /* Info.plist */ = {isa = PBXFileReference; lastKnownFileType = text.plist.xml; path = Info.plist; sourceTree = "<group>"; };
		D324D66021860B9D0089CD44 /* MainTableViewController.swift */ = {isa = PBXFileReference; lastKnownFileType = sourcecode.swift; path = MainTableViewController.swift; sourceTree = "<group>"; };
		D324D66221860C880089CD44 /* README.md */ = {isa = PBXFileReference; lastKnownFileType = net.daringfireball.markdown; path = README.md; sourceTree = "<group>"; };
		D352110821BD2AB3009EFD09 /* ResumeSchemaTableViewHeader.swift */ = {isa = PBXFileReference; lastKnownFileType = sourcecode.swift; name = ResumeSchemaTableViewHeader.swift; path = "akarsh seggemu resume/View/ResumeSchemaTableViewHeader.swift"; sourceTree = SOURCE_ROOT; };
		D352110A21BD3C4D009EFD09 /* languagesLayoutTableViewController.swift */ = {isa = PBXFileReference; lastKnownFileType = sourcecode.swift; path = languagesLayoutTableViewController.swift; sourceTree = "<group>"; };
		D352110C21BD3C5F009EFD09 /* languagesLayoutTableViewCell.swift */ = {isa = PBXFileReference; lastKnownFileType = sourcecode.swift; path = languagesLayoutTableViewCell.swift; sourceTree = "<group>"; };
		D353A2D821B5BCDF002D9DC9 /* UILabel+Localization.swift */ = {isa = PBXFileReference; lastKnownFileType = sourcecode.swift; path = "UILabel+Localization.swift"; sourceTree = "<group>"; };
		D353A2DD21B5BE89002D9DC9 /* en */ = {isa = PBXFileReference; lastKnownFileType = text.plist.strings; name = en; path = en.lproj/Localizable.strings; sourceTree = "<group>"; };
		D353A2DF21B5BE94002D9DC9 /* de */ = {isa = PBXFileReference; lastKnownFileType = text.plist.strings; name = de; path = de.lproj/Localizable.strings; sourceTree = "<group>"; };
		D353A2E021B5BFAF002D9DC9 /* Main.storyboard */ = {isa = PBXFileReference; fileEncoding = 4; lastKnownFileType = file.storyboard; path = Main.storyboard; sourceTree = "<group>"; };
		D353A2E121B5BFAF002D9DC9 /* LaunchScreen.storyboard */ = {isa = PBXFileReference; fileEncoding = 4; lastKnownFileType = file.storyboard; path = LaunchScreen.storyboard; sourceTree = "<group>"; };
		D359DC7821AB74B4008011EE /* ResumeSchemaTableViewCell.swift */ = {isa = PBXFileReference; lastKnownFileType = sourcecode.swift; path = ResumeSchemaTableViewCell.swift; sourceTree = "<group>"; };
		D359DC7A21AB7593008011EE /* ResumeSchemaTableViewController.swift */ = {isa = PBXFileReference; lastKnownFileType = sourcecode.swift; path = ResumeSchemaTableViewController.swift; sourceTree = "<group>"; };
		D3646F3121BE414100E726D8 /* languagesLayoutTableViewHeader.swift */ = {isa = PBXFileReference; lastKnownFileType = sourcecode.swift; path = languagesLayoutTableViewHeader.swift; sourceTree = "<group>"; };
		D3646F3321BE429000E726D8 /* educationLayoutTableViewHeader.swift */ = {isa = PBXFileReference; lastKnownFileType = sourcecode.swift; path = educationLayoutTableViewHeader.swift; sourceTree = "<group>"; };
		D39483ED21BA72510074430E /* profilesLayout.storyboard */ = {isa = PBXFileReference; lastKnownFileType = file.storyboard; path = profilesLayout.storyboard; sourceTree = "<group>"; };
		D3AAD5B321BDC291004876FF /* skillsLayoutTableViewHeader.swift */ = {isa = PBXFileReference; lastKnownFileType = sourcecode.swift; path = skillsLayoutTableViewHeader.swift; sourceTree = "<group>"; };
		D3B28BE621A6236000029A3F /* MainTableViewCell.swift */ = {isa = PBXFileReference; lastKnownFileType = sourcecode.swift; path = MainTableViewCell.swift; sourceTree = "<group>"; };
		D3B42ABB21867BC500F183B9 /* Resume.swift */ = {isa = PBXFileReference; lastKnownFileType = sourcecode.swift; path = Resume.swift; sourceTree = "<group>"; };
		D3D4989F21B88112008ABCED /* infoLayout.storyboard */ = {isa = PBXFileReference; lastKnownFileType = file.storyboard; path = infoLayout.storyboard; sourceTree = "<group>"; };
		D3D498A121B88136008ABCED /* summaryLayout.storyboard */ = {isa = PBXFileReference; lastKnownFileType = file.storyboard; path = summaryLayout.storyboard; sourceTree = "<group>"; };
		D3D498A521B8814D008ABCED /* skillsLayout.storyboard */ = {isa = PBXFileReference; lastKnownFileType = file.storyboard; path = skillsLayout.storyboard; sourceTree = "<group>"; };
		D3D498A721B8815D008ABCED /* languagesLayout.storyboard */ = {isa = PBXFileReference; lastKnownFileType = file.storyboard; path = languagesLayout.storyboard; sourceTree = "<group>"; };
		D3D498A921B88167008ABCED /* educationLayout.storyboard */ = {isa = PBXFileReference; lastKnownFileType = file.storyboard; path = educationLayout.storyboard; sourceTree = "<group>"; };
		D3D498AB21B88170008ABCED /* experienceLayout.storyboard */ = {isa = PBXFileReference; lastKnownFileType = file.storyboard; path = experienceLayout.storyboard; sourceTree = "<group>"; };
		D3D498AD21B8817B008ABCED /* volunteerLayout.storyboard */ = {isa = PBXFileReference; lastKnownFileType = file.storyboard; path = volunteerLayout.storyboard; sourceTree = "<group>"; };
		D3D498AF21B88185008ABCED /* awardsLayout.storyboard */ = {isa = PBXFileReference; lastKnownFileType = file.storyboard; path = awardsLayout.storyboard; sourceTree = "<group>"; };
		D3D498B121B88190008ABCED /* publicationsLayout.storyboard */ = {isa = PBXFileReference; lastKnownFileType = file.storyboard; path = publicationsLayout.storyboard; sourceTree = "<group>"; };
		D3D498B321B88199008ABCED /* interestsLayout.storyboard */ = {isa = PBXFileReference; lastKnownFileType = file.storyboard; path = interestsLayout.storyboard; sourceTree = "<group>"; };
		D3D498B521B881A4008ABCED /* referencesLayout.storyboard */ = {isa = PBXFileReference; lastKnownFileType = file.storyboard; path = referencesLayout.storyboard; sourceTree = "<group>"; };
		D3D498B721B88AC1008ABCED /* contactLayoutViewController.swift */ = {isa = PBXFileReference; lastKnownFileType = sourcecode.swift; path = contactLayoutViewController.swift; sourceTree = "<group>"; };
		D3D498B921B88AF5008ABCED /* contactLayoutView.swift */ = {isa = PBXFileReference; lastKnownFileType = sourcecode.swift; path = contactLayoutView.swift; sourceTree = "<group>"; };
		D3D498BB21B88B14008ABCED /* infoLayoutView.swift */ = {isa = PBXFileReference; lastKnownFileType = sourcecode.swift; path = infoLayoutView.swift; sourceTree = "<group>"; };
		D3D498BD21B88B24008ABCED /* infoLayoutViewController.swift */ = {isa = PBXFileReference; lastKnownFileType = sourcecode.swift; path = infoLayoutViewController.swift; sourceTree = "<group>"; };
		D3D498BF21B88B38008ABCED /* SummaryLayoutViewController.swift */ = {isa = PBXFileReference; lastKnownFileType = sourcecode.swift; path = SummaryLayoutViewController.swift; sourceTree = "<group>"; };
		D3D498C121B88B4A008ABCED /* summaryLayoutView.swift */ = {isa = PBXFileReference; lastKnownFileType = sourcecode.swift; path = summaryLayoutView.swift; sourceTree = "<group>"; };
		D3D498C721B89443008ABCED /* ProfilesLayoutViewController.swift */ = {isa = PBXFileReference; lastKnownFileType = sourcecode.swift; path = ProfilesLayoutViewController.swift; sourceTree = "<group>"; };
		D3D498C921B89459008ABCED /* profilesLayoutView.swift */ = {isa = PBXFileReference; lastKnownFileType = sourcecode.swift; path = profilesLayoutView.swift; sourceTree = "<group>"; };
		D3D498CB21B89473008ABCED /* skillsLayoutTableViewController.swift */ = {isa = PBXFileReference; lastKnownFileType = sourcecode.swift; path = skillsLayoutTableViewController.swift; sourceTree = "<group>"; };
		D3D498CD21B89489008ABCED /* skillsLayoutTableViewCell.swift */ = {isa = PBXFileReference; lastKnownFileType = sourcecode.swift; path = skillsLayoutTableViewCell.swift; sourceTree = "<group>"; };
		D3D498CF21B8949E008ABCED /* educationLayoutTableViewCell.swift */ = {isa = PBXFileReference; lastKnownFileType = sourcecode.swift; path = educationLayoutTableViewCell.swift; sourceTree = "<group>"; };
		D3D498D121B894AE008ABCED /* experienceLayoutTableViewCell.swift */ = {isa = PBXFileReference; lastKnownFileType = sourcecode.swift; path = experienceLayoutTableViewCell.swift; sourceTree = "<group>"; };
		D3D498D321B894DE008ABCED /* volunteerLayoutTableViewCell.swift */ = {isa = PBXFileReference; lastKnownFileType = sourcecode.swift; path = volunteerLayoutTableViewCell.swift; sourceTree = "<group>"; };
		D3D498D521B894EA008ABCED /* awardsLayoutTableViewCell.swift */ = {isa = PBXFileReference; lastKnownFileType = sourcecode.swift; path = awardsLayoutTableViewCell.swift; sourceTree = "<group>"; };
		D3D498D721B894F6008ABCED /* publicationsLayoutTableViewCell.swift */ = {isa = PBXFileReference; lastKnownFileType = sourcecode.swift; path = publicationsLayoutTableViewCell.swift; sourceTree = "<group>"; };
		D3D498D921B89506008ABCED /* interestsLayoutTableViewCell.swift */ = {isa = PBXFileReference; lastKnownFileType = sourcecode.swift; path = interestsLayoutTableViewCell.swift; sourceTree = "<group>"; };
		D3D498DB21B89513008ABCED /* referencesLayoutTableViewCell.swift */ = {isa = PBXFileReference; lastKnownFileType = sourcecode.swift; path = referencesLayoutTableViewCell.swift; sourceTree = "<group>"; };
		D3D498DD21B8952D008ABCED /* educationLayoutTableViewController.swift */ = {isa = PBXFileReference; lastKnownFileType = sourcecode.swift; path = educationLayoutTableViewController.swift; sourceTree = "<group>"; };
		D3D498DF21B89539008ABCED /* experienceLayoutTableViewController.swift */ = {isa = PBXFileReference; lastKnownFileType = sourcecode.swift; path = experienceLayoutTableViewController.swift; sourceTree = "<group>"; };
		D3D498E121B89545008ABCED /* volunteerLayoutTableViewController.swift */ = {isa = PBXFileReference; lastKnownFileType = sourcecode.swift; path = volunteerLayoutTableViewController.swift; sourceTree = "<group>"; };
		D3D498E321B89551008ABCED /* awardsLayoutTableViewController.swift */ = {isa = PBXFileReference; lastKnownFileType = sourcecode.swift; path = awardsLayoutTableViewController.swift; sourceTree = "<group>"; };
		D3D498E521B8955C008ABCED /* publicationsLayoutTableViewController.swift */ = {isa = PBXFileReference; lastKnownFileType = sourcecode.swift; path = publicationsLayoutTableViewController.swift; sourceTree = "<group>"; };
		D3D498E721B89569008ABCED /* interestsLayoutTableViewController.swift */ = {isa = PBXFileReference; lastKnownFileType = sourcecode.swift; path = interestsLayoutTableViewController.swift; sourceTree = "<group>"; };
		D3D498E921B89576008ABCED /* referencesLayoutTableViewController.swift */ = {isa = PBXFileReference; lastKnownFileType = sourcecode.swift; path = referencesLayoutTableViewController.swift; sourceTree = "<group>"; };
		D3D6920621BF31AA00A238FD /* LabelHeader.swift */ = {isa = PBXFileReference; lastKnownFileType = sourcecode.swift; path = LabelHeader.swift; sourceTree = "<group>"; };
		D3D6920821BF43BE00A238FD /* experienceLayoutTableViewHeader.swift */ = {isa = PBXFileReference; lastKnownFileType = sourcecode.swift; path = experienceLayoutTableViewHeader.swift; sourceTree = "<group>"; };
		D3D6920A21BF445A00A238FD /* volunteerLayoutTableViewHeader.swift */ = {isa = PBXFileReference; lastKnownFileType = sourcecode.swift; path = volunteerLayoutTableViewHeader.swift; sourceTree = "<group>"; };
		D3D6920C21BF44CA00A238FD /* awardsLayoutTableViewHeader.swift */ = {isa = PBXFileReference; lastKnownFileType = sourcecode.swift; path = awardsLayoutTableViewHeader.swift; sourceTree = "<group>"; };
		D3D6920E21BF457100A238FD /* publicationsLayoutTableViewHeader.swift */ = {isa = PBXFileReference; lastKnownFileType = sourcecode.swift; path = publicationsLayoutTableViewHeader.swift; sourceTree = "<group>"; };
		D3D6921021BF45D400A238FD /* interestsLayoutTableViewHeader.swift */ = {isa = PBXFileReference; lastKnownFileType = sourcecode.swift; path = interestsLayoutTableViewHeader.swift; sourceTree = "<group>"; };
		D3D6921221BF463800A238FD /* referencesLayoutTableViewHeader.swift */ = {isa = PBXFileReference; lastKnownFileType = sourcecode.swift; path = referencesLayoutTableViewHeader.swift; sourceTree = "<group>"; };
		D3E300D121A4D0980068D820 /* ResumeSchemaLayout.storyboard */ = {isa = PBXFileReference; lastKnownFileType = file.storyboard; path = ResumeSchemaLayout.storyboard; sourceTree = "<group>"; };
		D3E6BAC821B5FA35004F3F52 /* ContactLayout.storyboard */ = {isa = PBXFileReference; lastKnownFileType = file.storyboard; path = ContactLayout.storyboard; sourceTree = "<group>"; };
/* End PBXFileReference section */

/* Begin PBXFrameworksBuildPhase section */
		D32273EC218535AD0068A69D /* Frameworks */ = {
			isa = PBXFrameworksBuildPhase;
			buildActionMask = 2147483647;
			files = (
			);
			runOnlyForDeploymentPostprocessing = 0;
		};
/* End PBXFrameworksBuildPhase section */

/* Begin PBXGroup section */
		D32273E6218535AD0068A69D = {
			isa = PBXGroup;
			children = (
				D32273F1218535AD0068A69D /* akarsh seggemu resume */,
				D32273F0218535AD0068A69D /* Products */,
				D324D66221860C880089CD44 /* README.md */,
			);
			sourceTree = "<group>";
		};
		D32273F0218535AD0068A69D /* Products */ = {
			isa = PBXGroup;
			children = (
				D32273EF218535AD0068A69D /* akarsh seggemu resume.app */,
			);
			name = Products;
			sourceTree = "<group>";
		};
		D32273F1218535AD0068A69D /* akarsh seggemu resume */ = {
			isa = PBXGroup;
			children = (
				D32273F2218535AD0068A69D /* AppDelegate.swift */,
				D353A2D821B5BCDF002D9DC9 /* UILabel+Localization.swift */,
				D3D6920621BF31AA00A238FD /* LabelHeader.swift */,
				D35AA9D421A4D72D009F8BC8 /* Assets */,
				D32274072185360A0068A69D /* Controller */,
				D3227405218535F60068A69D /* Model */,
				D359DC7721AB72E5008011EE /* View */,
			);
			path = "akarsh seggemu resume";
			sourceTree = "<group>";
		};
		D3227405218535F60068A69D /* Model */ = {
			isa = PBXGroup;
			children = (
				D3B42ABB21867BC500F183B9 /* Resume.swift */,
			);
			path = Model;
			sourceTree = "<group>";
		};
		D32274072185360A0068A69D /* Controller */ = {
			isa = PBXGroup;
			children = (
				D324D66021860B9D0089CD44 /* MainTableViewController.swift */,
				D359DC7A21AB7593008011EE /* ResumeSchemaTableViewController.swift */,
				D3D498B721B88AC1008ABCED /* contactLayoutViewController.swift */,
				D3D498BD21B88B24008ABCED /* infoLayoutViewController.swift */,
				D3D498BF21B88B38008ABCED /* SummaryLayoutViewController.swift */,
				D3D498C721B89443008ABCED /* ProfilesLayoutViewController.swift */,
				D3D498CB21B89473008ABCED /* skillsLayoutTableViewController.swift */,
				D352110A21BD3C4D009EFD09 /* languagesLayoutTableViewController.swift */,
				D3D498DD21B8952D008ABCED /* educationLayoutTableViewController.swift */,
				D3D498DF21B89539008ABCED /* experienceLayoutTableViewController.swift */,
				D3D498E121B89545008ABCED /* volunteerLayoutTableViewController.swift */,
				D3D498E321B89551008ABCED /* awardsLayoutTableViewController.swift */,
				D3D498E521B8955C008ABCED /* publicationsLayoutTableViewController.swift */,
				D3D498E721B89569008ABCED /* interestsLayoutTableViewController.swift */,
				D3D498E921B89576008ABCED /* referencesLayoutTableViewController.swift */,
			);
			path = Controller;
			sourceTree = "<group>";
		};
		D359DC7721AB72E5008011EE /* View */ = {
			isa = PBXGroup;
			children = (
				D3B28BE621A6236000029A3F /* MainTableViewCell.swift */,
				D352110821BD2AB3009EFD09 /* ResumeSchemaTableViewHeader.swift */,
				D359DC7821AB74B4008011EE /* ResumeSchemaTableViewCell.swift */,
				D3D498B921B88AF5008ABCED /* contactLayoutView.swift */,
				D3D498BB21B88B14008ABCED /* infoLayoutView.swift */,
				D3D498C121B88B4A008ABCED /* summaryLayoutView.swift */,
				D3D498C921B89459008ABCED /* profilesLayoutView.swift */,
				D3AAD5B321BDC291004876FF /* skillsLayoutTableViewHeader.swift */,
				D3D498CD21B89489008ABCED /* skillsLayoutTableViewCell.swift */,
				D3646F3121BE414100E726D8 /* languagesLayoutTableViewHeader.swift */,
				D352110C21BD3C5F009EFD09 /* languagesLayoutTableViewCell.swift */,
				D3646F3321BE429000E726D8 /* educationLayoutTableViewHeader.swift */,
				D3D498CF21B8949E008ABCED /* educationLayoutTableViewCell.swift */,
				D3D6920821BF43BE00A238FD /* experienceLayoutTableViewHeader.swift */,
				D3D498D121B894AE008ABCED /* experienceLayoutTableViewCell.swift */,
				D3D6920A21BF445A00A238FD /* volunteerLayoutTableViewHeader.swift */,
				D3D498D321B894DE008ABCED /* volunteerLayoutTableViewCell.swift */,
				D3D6920C21BF44CA00A238FD /* awardsLayoutTableViewHeader.swift */,
				D3D498D521B894EA008ABCED /* awardsLayoutTableViewCell.swift */,
				D3D6920E21BF457100A238FD /* publicationsLayoutTableViewHeader.swift */,
				D3D498D721B894F6008ABCED /* publicationsLayoutTableViewCell.swift */,
				D3D6921021BF45D400A238FD /* interestsLayoutTableViewHeader.swift */,
				D3D498D921B89506008ABCED /* interestsLayoutTableViewCell.swift */,
				D3D6921221BF463800A238FD /* referencesLayoutTableViewHeader.swift */,
				D3D498DB21B89513008ABCED /* referencesLayoutTableViewCell.swift */,
			);
			path = View;
			sourceTree = "<group>";
		};
		D35AA9D421A4D72D009F8BC8 /* Assets */ = {
			isa = PBXGroup;
			children = (
				D353A2DE21B5BE89002D9DC9 /* Localizable.strings */,
				D32273F9218535AE0068A69D /* Assets.xcassets */,
				D32273FE218535AE0068A69D /* Info.plist */,
				D3B42AB421866A1900F183B9 /* Storyboard */,
			);
			path = Assets;
			sourceTree = "<group>";
		};
		D3B42AB421866A1900F183B9 /* Storyboard */ = {
			isa = PBXGroup;
			children = (
				D353A2E121B5BFAF002D9DC9 /* LaunchScreen.storyboard */,
				D353A2E021B5BFAF002D9DC9 /* Main.storyboard */,
				D3E300D121A4D0980068D820 /* ResumeSchemaLayout.storyboard */,
				D3E6BAC821B5FA35004F3F52 /* ContactLayout.storyboard */,
				D3D4989F21B88112008ABCED /* infoLayout.storyboard */,
				D3D498A121B88136008ABCED /* summaryLayout.storyboard */,
				D39483ED21BA72510074430E /* profilesLayout.storyboard */,
				D3D498A521B8814D008ABCED /* skillsLayout.storyboard */,
				D3D498A721B8815D008ABCED /* languagesLayout.storyboard */,
				D3D498A921B88167008ABCED /* educationLayout.storyboard */,
				D3D498AB21B88170008ABCED /* experienceLayout.storyboard */,
				D3D498AD21B8817B008ABCED /* volunteerLayout.storyboard */,
				D3D498AF21B88185008ABCED /* awardsLayout.storyboard */,
				D3D498B121B88190008ABCED /* publicationsLayout.storyboard */,
				D3D498B321B88199008ABCED /* interestsLayout.storyboard */,
				D3D498B521B881A4008ABCED /* referencesLayout.storyboard */,
			);
			path = Storyboard;
			sourceTree = "<group>";
		};
/* End PBXGroup section */

/* Begin PBXNativeTarget section */
		D32273EE218535AD0068A69D /* akarsh seggemu resume */ = {
			isa = PBXNativeTarget;
			buildConfigurationList = D3227401218535AE0068A69D /* Build configuration list for PBXNativeTarget "akarsh seggemu resume" */;
			buildPhases = (
				D32273EB218535AD0068A69D /* Sources */,
				D32273EC218535AD0068A69D /* Frameworks */,
				D32273ED218535AD0068A69D /* Resources */,
			);
			buildRules = (
			);
			dependencies = (
			);
			name = "akarsh seggemu resume";
			productName = "akarsh seggemu resume";
			productReference = D32273EF218535AD0068A69D /* akarsh seggemu resume.app */;
			productType = "com.apple.product-type.application";
		};
/* End PBXNativeTarget section */

/* Begin PBXProject section */
		D32273E7218535AD0068A69D /* Project object */ = {
			isa = PBXProject;
			attributes = {
				LastSwiftUpdateCheck = 1000;
				LastUpgradeCheck = 1000;
				ORGANIZATIONNAME = "Akarsh Seggemu";
				TargetAttributes = {
					D32273EE218535AD0068A69D = {
						CreatedOnToolsVersion = 10.0;
					};
				};
			};
			buildConfigurationList = D32273EA218535AD0068A69D /* Build configuration list for PBXProject "akarsh seggemu resume" */;
			compatibilityVersion = "Xcode 9.3";
			developmentRegion = en;
			hasScannedForEncodings = 0;
			knownRegions = (
				en,
				Base,
				de,
			);
			mainGroup = D32273E6218535AD0068A69D;
			productRefGroup = D32273F0218535AD0068A69D /* Products */;
			projectDirPath = "";
			projectRoot = "";
			targets = (
				D32273EE218535AD0068A69D /* akarsh seggemu resume */,
			);
		};
/* End PBXProject section */

/* Begin PBXResourcesBuildPhase section */
		D32273ED218535AD0068A69D /* Resources */ = {
			isa = PBXResourcesBuildPhase;
			buildActionMask = 2147483647;
			files = (
				D3D498AC21B88170008ABCED /* experienceLayout.storyboard in Resources */,
				D353A2DC21B5BE89002D9DC9 /* Localizable.strings in Resources */,
				D3D498B421B88199008ABCED /* interestsLayout.storyboard in Resources */,
				D3E6BAC921B5FA35004F3F52 /* ContactLayout.storyboard in Resources */,
				D3D498A021B88112008ABCED /* infoLayout.storyboard in Resources */,
				D3D498A621B8814D008ABCED /* skillsLayout.storyboard in Resources */,
				D3D498A821B8815D008ABCED /* languagesLayout.storyboard in Resources */,
				D3D498A221B88136008ABCED /* summaryLayout.storyboard in Resources */,
				D3D498AA21B88167008ABCED /* educationLayout.storyboard in Resources */,
				D3D498B021B88185008ABCED /* awardsLayout.storyboard in Resources */,
				D39483EE21BA72510074430E /* profilesLayout.storyboard in Resources */,
				D3D498AE21B8817B008ABCED /* volunteerLayout.storyboard in Resources */,
				D3D498B621B881A4008ABCED /* referencesLayout.storyboard in Resources */,
				D3E300D221A4D0980068D820 /* ResumeSchemaLayout.storyboard in Resources */,
				D32273FA218535AE0068A69D /* Assets.xcassets in Resources */,
				D353A2E321B5BFAF002D9DC9 /* LaunchScreen.storyboard in Resources */,
				D353A2E221B5BFAF002D9DC9 /* Main.storyboard in Resources */,
				D3D498B221B88190008ABCED /* publicationsLayout.storyboard in Resources */,
			);
			runOnlyForDeploymentPostprocessing = 0;
		};
/* End PBXResourcesBuildPhase section */

/* Begin PBXSourcesBuildPhase section */
		D32273EB218535AD0068A69D /* Sources */ = {
			isa = PBXSourcesBuildPhase;
			buildActionMask = 2147483647;
			files = (
				D3646F3421BE429000E726D8 /* educationLayoutTableViewHeader.swift in Sources */,
				D3D6920F21BF457100A238FD /* publicationsLayoutTableViewHeader.swift in Sources */,
				D3D498BA21B88AF5008ABCED /* contactLayoutView.swift in Sources */,
				D3D498C021B88B38008ABCED /* SummaryLayoutViewController.swift in Sources */,
				D3D6920721BF31AA00A238FD /* LabelHeader.swift in Sources */,
				D3D6920921BF43BE00A238FD /* experienceLayoutTableViewHeader.swift in Sources */,
				D324D66121860B9D0089CD44 /* MainTableViewController.swift in Sources */,
				D3D498CC21B89473008ABCED /* skillsLayoutTableViewController.swift in Sources */,
				D3D498BC21B88B14008ABCED /* infoLayoutView.swift in Sources */,
				D3B42ABC21867BC500F183B9 /* Resume.swift in Sources */,
				D3D498D821B894F6008ABCED /* publicationsLayoutTableViewCell.swift in Sources */,
				D3D498D021B8949E008ABCED /* educationLayoutTableViewCell.swift in Sources */,
				D3D6921121BF45D400A238FD /* interestsLayoutTableViewHeader.swift in Sources */,
				D359DC7921AB74B4008011EE /* ResumeSchemaTableViewCell.swift in Sources */,
				D3D498E821B89569008ABCED /* interestsLayoutTableViewController.swift in Sources */,
				D3D498E421B89551008ABCED /* awardsLayoutTableViewController.swift in Sources */,
				D3D498DE21B8952D008ABCED /* educationLayoutTableViewController.swift in Sources */,
				D3D498D621B894EA008ABCED /* awardsLayoutTableViewCell.swift in Sources */,
				D3AAD5B421BDC291004876FF /* skillsLayoutTableViewHeader.swift in Sources */,
				D352110B21BD3C4D009EFD09 /* languagesLayoutTableViewController.swift in Sources */,
				D3D498C821B89443008ABCED /* ProfilesLayoutViewController.swift in Sources */,
				D359DC7B21AB7593008011EE /* ResumeSchemaTableViewController.swift in Sources */,
				D3B28BE721A6236000029A3F /* MainTableViewCell.swift in Sources */,
				D3D498E621B8955C008ABCED /* publicationsLayoutTableViewController.swift in Sources */,
				D3D498D221B894AE008ABCED /* experienceLayoutTableViewCell.swift in Sources */,
				D3D498DC21B89513008ABCED /* referencesLayoutTableViewCell.swift in Sources */,
				D32273F3218535AD0068A69D /* AppDelegate.swift in Sources */,
				D3D498D421B894DE008ABCED /* volunteerLayoutTableViewCell.swift in Sources */,
				D3D498CA21B89459008ABCED /* profilesLayoutView.swift in Sources */,
				D353A2D921B5BCDF002D9DC9 /* UILabel+Localization.swift in Sources */,
				D3D498BE21B88B24008ABCED /* infoLayoutViewController.swift in Sources */,
				D3D498CE21B89489008ABCED /* skillsLayoutTableViewCell.swift in Sources */,
				D3D498DA21B89506008ABCED /* interestsLayoutTableViewCell.swift in Sources */,
				D3646F3221BE414100E726D8 /* languagesLayoutTableViewHeader.swift in Sources */,
				D3D6920D21BF44CA00A238FD /* awardsLayoutTableViewHeader.swift in Sources */,
				D352110D21BD3C5F009EFD09 /* languagesLayoutTableViewCell.swift in Sources */,
				D3D498E021B89539008ABCED /* experienceLayoutTableViewController.swift in Sources */,
				D3D498EA21B89576008ABCED /* referencesLayoutTableViewController.swift in Sources */,
				D352110921BD2AB3009EFD09 /* ResumeSchemaTableViewHeader.swift in Sources */,
				D3D498C221B88B4A008ABCED /* summaryLayoutView.swift in Sources */,
				D3D6921321BF463800A238FD /* referencesLayoutTableViewHeader.swift in Sources */,
				D3D6920B21BF445A00A238FD /* volunteerLayoutTableViewHeader.swift in Sources */,
				D3D498B821B88AC1008ABCED /* contactLayoutViewController.swift in Sources */,
				D3D498E221B89545008ABCED /* volunteerLayoutTableViewController.swift in Sources */,
			);
			runOnlyForDeploymentPostprocessing = 0;
		};
/* End PBXSourcesBuildPhase section */

/* Begin PBXVariantGroup section */
		D353A2DE21B5BE89002D9DC9 /* Localizable.strings */ = {
			isa = PBXVariantGroup;
			children = (
				D353A2DD21B5BE89002D9DC9 /* en */,
				D353A2DF21B5BE94002D9DC9 /* de */,
			);
			name = Localizable.strings;
			sourceTree = "<group>";
		};
/* End PBXVariantGroup section */

/* Begin XCBuildConfiguration section */
		D32273FF218535AE0068A69D /* Debug */ = {
			isa = XCBuildConfiguration;
			buildSettings = {
				ALWAYS_SEARCH_USER_PATHS = NO;
				CLANG_ANALYZER_LOCALIZABILITY_NONLOCALIZED = YES;
				CLANG_ANALYZER_NONNULL = YES;
				CLANG_ANALYZER_NUMBER_OBJECT_CONVERSION = YES_AGGRESSIVE;
				CLANG_CXX_LANGUAGE_STANDARD = "gnu++14";
				CLANG_CXX_LIBRARY = "libc++";
				CLANG_ENABLE_MODULES = YES;
				CLANG_ENABLE_OBJC_ARC = YES;
				CLANG_ENABLE_OBJC_WEAK = YES;
				CLANG_WARN_BLOCK_CAPTURE_AUTORELEASING = YES;
				CLANG_WARN_BOOL_CONVERSION = YES;
				CLANG_WARN_COMMA = YES;
				CLANG_WARN_CONSTANT_CONVERSION = YES;
				CLANG_WARN_DEPRECATED_OBJC_IMPLEMENTATIONS = YES;
				CLANG_WARN_DIRECT_OBJC_ISA_USAGE = YES_ERROR;
				CLANG_WARN_DOCUMENTATION_COMMENTS = YES;
				CLANG_WARN_EMPTY_BODY = YES;
				CLANG_WARN_ENUM_CONVERSION = YES;
				CLANG_WARN_INFINITE_RECURSION = YES;
				CLANG_WARN_INT_CONVERSION = YES;
				CLANG_WARN_NON_LITERAL_NULL_CONVERSION = YES;
				CLANG_WARN_OBJC_IMPLICIT_RETAIN_SELF = YES;
				CLANG_WARN_OBJC_LITERAL_CONVERSION = YES;
				CLANG_WARN_OBJC_ROOT_CLASS = YES_ERROR;
				CLANG_WARN_RANGE_LOOP_ANALYSIS = YES;
				CLANG_WARN_STRICT_PROTOTYPES = YES;
				CLANG_WARN_SUSPICIOUS_MOVE = YES;
				CLANG_WARN_UNGUARDED_AVAILABILITY = YES_AGGRESSIVE;
				CLANG_WARN_UNREACHABLE_CODE = YES;
				CLANG_WARN__DUPLICATE_METHOD_MATCH = YES;
				CODE_SIGN_IDENTITY = "iPhone Developer";
				COPY_PHASE_STRIP = NO;
				DEBUG_INFORMATION_FORMAT = dwarf;
				ENABLE_STRICT_OBJC_MSGSEND = YES;
				ENABLE_TESTABILITY = YES;
				GCC_C_LANGUAGE_STANDARD = gnu11;
				GCC_DYNAMIC_NO_PIC = NO;
				GCC_NO_COMMON_BLOCKS = YES;
				GCC_OPTIMIZATION_LEVEL = 0;
				GCC_PREPROCESSOR_DEFINITIONS = (
					"DEBUG=1",
					"$(inherited)",
				);
				GCC_WARN_64_TO_32_BIT_CONVERSION = YES;
				GCC_WARN_ABOUT_RETURN_TYPE = YES_ERROR;
				GCC_WARN_UNDECLARED_SELECTOR = YES;
				GCC_WARN_UNINITIALIZED_AUTOS = YES_AGGRESSIVE;
				GCC_WARN_UNUSED_FUNCTION = YES;
				GCC_WARN_UNUSED_VARIABLE = YES;
				IPHONEOS_DEPLOYMENT_TARGET = 9.0;
				MTL_ENABLE_DEBUG_INFO = INCLUDE_SOURCE;
				MTL_FAST_MATH = YES;
				ONLY_ACTIVE_ARCH = YES;
				SDKROOT = iphoneos;
				SWIFT_ACTIVE_COMPILATION_CONDITIONS = DEBUG;
				SWIFT_OPTIMIZATION_LEVEL = "-Onone";
			};
			name = Debug;
		};
		D3227400218535AE0068A69D /* Release */ = {
			isa = XCBuildConfiguration;
			buildSettings = {
				ALWAYS_SEARCH_USER_PATHS = NO;
				CLANG_ANALYZER_LOCALIZABILITY_NONLOCALIZED = YES;
				CLANG_ANALYZER_NONNULL = YES;
				CLANG_ANALYZER_NUMBER_OBJECT_CONVERSION = YES_AGGRESSIVE;
				CLANG_CXX_LANGUAGE_STANDARD = "gnu++14";
				CLANG_CXX_LIBRARY = "libc++";
				CLANG_ENABLE_MODULES = YES;
				CLANG_ENABLE_OBJC_ARC = YES;
				CLANG_ENABLE_OBJC_WEAK = YES;
				CLANG_WARN_BLOCK_CAPTURE_AUTORELEASING = YES;
				CLANG_WARN_BOOL_CONVERSION = YES;
				CLANG_WARN_COMMA = YES;
				CLANG_WARN_CONSTANT_CONVERSION = YES;
				CLANG_WARN_DEPRECATED_OBJC_IMPLEMENTATIONS = YES;
				CLANG_WARN_DIRECT_OBJC_ISA_USAGE = YES_ERROR;
				CLANG_WARN_DOCUMENTATION_COMMENTS = YES;
				CLANG_WARN_EMPTY_BODY = YES;
				CLANG_WARN_ENUM_CONVERSION = YES;
				CLANG_WARN_INFINITE_RECURSION = YES;
				CLANG_WARN_INT_CONVERSION = YES;
				CLANG_WARN_NON_LITERAL_NULL_CONVERSION = YES;
				CLANG_WARN_OBJC_IMPLICIT_RETAIN_SELF = YES;
				CLANG_WARN_OBJC_LITERAL_CONVERSION = YES;
				CLANG_WARN_OBJC_ROOT_CLASS = YES_ERROR;
				CLANG_WARN_RANGE_LOOP_ANALYSIS = YES;
				CLANG_WARN_STRICT_PROTOTYPES = YES;
				CLANG_WARN_SUSPICIOUS_MOVE = YES;
				CLANG_WARN_UNGUARDED_AVAILABILITY = YES_AGGRESSIVE;
				CLANG_WARN_UNREACHABLE_CODE = YES;
				CLANG_WARN__DUPLICATE_METHOD_MATCH = YES;
				CODE_SIGN_IDENTITY = "iPhone Developer";
				COPY_PHASE_STRIP = NO;
				DEBUG_INFORMATION_FORMAT = "dwarf-with-dsym";
				ENABLE_NS_ASSERTIONS = NO;
				ENABLE_STRICT_OBJC_MSGSEND = YES;
				GCC_C_LANGUAGE_STANDARD = gnu11;
				GCC_NO_COMMON_BLOCKS = YES;
				GCC_WARN_64_TO_32_BIT_CONVERSION = YES;
				GCC_WARN_ABOUT_RETURN_TYPE = YES_ERROR;
				GCC_WARN_UNDECLARED_SELECTOR = YES;
				GCC_WARN_UNINITIALIZED_AUTOS = YES_AGGRESSIVE;
				GCC_WARN_UNUSED_FUNCTION = YES;
				GCC_WARN_UNUSED_VARIABLE = YES;
				IPHONEOS_DEPLOYMENT_TARGET = 9.0;
				MTL_ENABLE_DEBUG_INFO = NO;
				MTL_FAST_MATH = YES;
				SDKROOT = iphoneos;
				SWIFT_COMPILATION_MODE = wholemodule;
				SWIFT_OPTIMIZATION_LEVEL = "-O";
				VALIDATE_PRODUCT = YES;
			};
			name = Release;
		};
		D3227402218535AE0068A69D /* Debug */ = {
			isa = XCBuildConfiguration;
			buildSettings = {
				ASSETCATALOG_COMPILER_APPICON_NAME = AppIcon;
				CODE_SIGN_STYLE = Automatic;
				DEVELOPMENT_TEAM = CZND2QNBTJ;
				INFOPLIST_FILE = "$(SRCROOT)/akarsh seggemu resume/Assets/Info.plist";
				LD_RUNPATH_SEARCH_PATHS = (
					"$(inherited)",
					"@executable_path/Frameworks",
				);
				PRODUCT_BUNDLE_IDENTIFIER = "com.sakarsh.akarsh-seggemu-resume";
				PRODUCT_NAME = "$(TARGET_NAME)";
				SWIFT_VERSION = 4.2;
				TARGETED_DEVICE_FAMILY = 1;
			};
			name = Debug;
		};
		D3227403218535AE0068A69D /* Release */ = {
			isa = XCBuildConfiguration;
			buildSettings = {
				ASSETCATALOG_COMPILER_APPICON_NAME = AppIcon;
				CODE_SIGN_STYLE = Automatic;
				DEVELOPMENT_TEAM = CZND2QNBTJ;
				INFOPLIST_FILE = "$(SRCROOT)/akarsh seggemu resume/Assets/Info.plist";
				LD_RUNPATH_SEARCH_PATHS = (
					"$(inherited)",
					"@executable_path/Frameworks",
				);
				PRODUCT_BUNDLE_IDENTIFIER = "com.sakarsh.akarsh-seggemu-resume";
				PRODUCT_NAME = "$(TARGET_NAME)";
				SWIFT_VERSION = 4.2;
				TARGETED_DEVICE_FAMILY = 1;
			};
			name = Release;
		};
/* End XCBuildConfiguration section */

/* Begin XCConfigurationList section */
		D32273EA218535AD0068A69D /* Build configuration list for PBXProject "akarsh seggemu resume" */ = {
			isa = XCConfigurationList;
			buildConfigurations = (
				D32273FF218535AE0068A69D /* Debug */,
				D3227400218535AE0068A69D /* Release */,
			);
			defaultConfigurationIsVisible = 0;
			defaultConfigurationName = Release;
		};
		D3227401218535AE0068A69D /* Build configuration list for PBXNativeTarget "akarsh seggemu resume" */ = {
			isa = XCConfigurationList;
			buildConfigurations = (
				D3227402218535AE0068A69D /* Debug */,
				D3227403218535AE0068A69D /* Release */,
			);
			defaultConfigurationIsVisible = 0;
			defaultConfigurationName = Release;
		};
/* End XCConfigurationList section */
	};
	rootObject = D32273E7218535AD0068A69D /* Project object */;
}
