// !$*UTF8*$!
{
	archiveVersion = 1;
	classes = {
	};
	objectVersion = 50;
	objects = {

/* Begin PBXBuildFile section */
		D32273F3218535AD0068A69D /* AppDelegate.swift in Sources */ = {isa = PBXBuildFile; fileRef = D32273F2218535AD0068A69D /* AppDelegate.swift */; };
		D32273F8218535AD0068A69D /* Main.storyboard in Resources */ = {isa = PBXBuildFile; fileRef = D32273F6218535AD0068A69D /* Main.storyboard */; };
		D32273FA218535AE0068A69D /* Assets.xcassets in Resources */ = {isa = PBXBuildFile; fileRef = D32273F9218535AE0068A69D /* Assets.xcassets */; };
		D32273FD218535AE0068A69D /* LaunchScreen.storyboard in Resources */ = {isa = PBXBuildFile; fileRef = D32273FB218535AE0068A69D /* LaunchScreen.storyboard */; };
		D324D66121860B9D0089CD44 /* MainTableViewController.swift in Sources */ = {isa = PBXBuildFile; fileRef = D324D66021860B9D0089CD44 /* MainTableViewController.swift */; };
		D359DC7921AB74B4008011EE /* ResumeSchemaTableViewCell.swift in Sources */ = {isa = PBXBuildFile; fileRef = D359DC7821AB74B4008011EE /* ResumeSchemaTableViewCell.swift */; };
		D359DC7B21AB7593008011EE /* ResumeSchemaTableViewController.swift in Sources */ = {isa = PBXBuildFile; fileRef = D359DC7A21AB7593008011EE /* ResumeSchemaTableViewController.swift */; };
		D3B28BE721A6236000029A3F /* MainTableViewCell.swift in Sources */ = {isa = PBXBuildFile; fileRef = D3B28BE621A6236000029A3F /* MainTableViewCell.swift */; };
		D3B42ABC21867BC500F183B9 /* Resume.swift in Sources */ = {isa = PBXBuildFile; fileRef = D3B42ABB21867BC500F183B9 /* Resume.swift */; };
		D3E300D221A4D0980068D820 /* ResumeSchemaLayout.storyboard in Resources */ = {isa = PBXBuildFile; fileRef = D3E300D121A4D0980068D820 /* ResumeSchemaLayout.storyboard */; };
/* End PBXBuildFile section */

/* Begin PBXFileReference section */
		D32273EF218535AD0068A69D /* akarsh seggemu resume.app */ = {isa = PBXFileReference; explicitFileType = wrapper.application; includeInIndex = 0; path = "akarsh seggemu resume.app"; sourceTree = BUILT_PRODUCTS_DIR; };
		D32273F2218535AD0068A69D /* AppDelegate.swift */ = {isa = PBXFileReference; lastKnownFileType = sourcecode.swift; path = AppDelegate.swift; sourceTree = "<group>"; };
		D32273F7218535AD0068A69D /* Base */ = {isa = PBXFileReference; lastKnownFileType = file.storyboard; name = Base; path = Base.lproj/Main.storyboard; sourceTree = "<group>"; };
		D32273F9218535AE0068A69D /* Assets.xcassets */ = {isa = PBXFileReference; lastKnownFileType = folder.assetcatalog; path = Assets.xcassets; sourceTree = "<group>"; };
		D32273FC218535AE0068A69D /* Base */ = {isa = PBXFileReference; lastKnownFileType = file.storyboard; name = Base; path = Base.lproj/LaunchScreen.storyboard; sourceTree = "<group>"; };
		D32273FE218535AE0068A69D /* Info.plist */ = {isa = PBXFileReference; lastKnownFileType = text.plist.xml; path = Info.plist; sourceTree = "<group>"; };
		D324D66021860B9D0089CD44 /* MainTableViewController.swift */ = {isa = PBXFileReference; lastKnownFileType = sourcecode.swift; path = MainTableViewController.swift; sourceTree = "<group>"; };
		D324D66221860C880089CD44 /* README.md */ = {isa = PBXFileReference; lastKnownFileType = net.daringfireball.markdown; path = README.md; sourceTree = "<group>"; };
		D359DC7821AB74B4008011EE /* ResumeSchemaTableViewCell.swift */ = {isa = PBXFileReference; lastKnownFileType = sourcecode.swift; path = ResumeSchemaTableViewCell.swift; sourceTree = "<group>"; };
		D359DC7A21AB7593008011EE /* ResumeSchemaTableViewController.swift */ = {isa = PBXFileReference; lastKnownFileType = sourcecode.swift; path = ResumeSchemaTableViewController.swift; sourceTree = "<group>"; };
		D3B28BE621A6236000029A3F /* MainTableViewCell.swift */ = {isa = PBXFileReference; lastKnownFileType = sourcecode.swift; path = MainTableViewCell.swift; sourceTree = "<group>"; };
		D3B42ABB21867BC500F183B9 /* Resume.swift */ = {isa = PBXFileReference; lastKnownFileType = sourcecode.swift; path = Resume.swift; sourceTree = "<group>"; };
		D3E300D121A4D0980068D820 /* ResumeSchemaLayout.storyboard */ = {isa = PBXFileReference; lastKnownFileType = file.storyboard; path = ResumeSchemaLayout.storyboard; sourceTree = "<group>"; };
/* End PBXFileReference section */

/* Begin PBXFrameworksBuildPhase section */
		D32273EC218535AD0068A69D /* Frameworks */ = {
			isa = PBXFrameworksBuildPhase;
			buildActionMask = 2147483647;
			files = (
			);
			runOnlyForDeploymentPostprocessing = 0;
		};
/* End PBXFrameworksBuildPhase section */

/* Begin PBXGroup section */
		D32273E6218535AD0068A69D = {
			isa = PBXGroup;
			children = (
				D324D66221860C880089CD44 /* README.md */,
				D32273F1218535AD0068A69D /* akarsh seggemu resume */,
				D32273F0218535AD0068A69D /* Products */,
			);
			sourceTree = "<group>";
		};
		D32273F0218535AD0068A69D /* Products */ = {
			isa = PBXGroup;
			children = (
				D32273EF218535AD0068A69D /* akarsh seggemu resume.app */,
			);
			name = Products;
			sourceTree = "<group>";
		};
		D32273F1218535AD0068A69D /* akarsh seggemu resume */ = {
			isa = PBXGroup;
			children = (
				D32273F2218535AD0068A69D /* AppDelegate.swift */,
				D35AA9D421A4D72D009F8BC8 /* Assets */,
				D32274072185360A0068A69D /* Controller */,
				D3227405218535F60068A69D /* Model */,
				D359DC7721AB72E5008011EE /* View */,
			);
			path = "akarsh seggemu resume";
			sourceTree = "<group>";
		};
		D3227405218535F60068A69D /* Model */ = {
			isa = PBXGroup;
			children = (
				D3B42ABB21867BC500F183B9 /* Resume.swift */,
			);
			path = Model;
			sourceTree = "<group>";
		};
		D32274072185360A0068A69D /* Controller */ = {
			isa = PBXGroup;
			children = (
				D324D66021860B9D0089CD44 /* MainTableViewController.swift */,
				D359DC7A21AB7593008011EE /* ResumeSchemaTableViewController.swift */,
			);
			path = Controller;
			sourceTree = "<group>";
		};
		D359DC7721AB72E5008011EE /* View */ = {
			isa = PBXGroup;
			children = (
				D3B28BE621A6236000029A3F /* MainTableViewCell.swift */,
				D359DC7821AB74B4008011EE /* ResumeSchemaTableViewCell.swift */,
			);
			path = View;
			sourceTree = "<group>";
		};
		D35AA9D421A4D72D009F8BC8 /* Assets */ = {
			isa = PBXGroup;
			children = (
				D32273F9218535AE0068A69D /* Assets.xcassets */,
				D32273FE218535AE0068A69D /* Info.plist */,
				D3B42AB421866A1900F183B9 /* Storyboard */,
			);
			path = Assets;
			sourceTree = "<group>";
		};
		D3B42AB421866A1900F183B9 /* Storyboard */ = {
			isa = PBXGroup;
			children = (
				D32273FB218535AE0068A69D /* LaunchScreen.storyboard */,
				D32273F6218535AD0068A69D /* Main.storyboard */,
				D3E300D121A4D0980068D820 /* ResumeSchemaLayout.storyboard */,
			);
			path = Storyboard;
			sourceTree = "<group>";
		};
/* End PBXGroup section */

/* Begin PBXNativeTarget section */
		D32273EE218535AD0068A69D /* akarsh seggemu resume */ = {
			isa = PBXNativeTarget;
			buildConfigurationList = D3227401218535AE0068A69D /* Build configuration list for PBXNativeTarget "akarsh seggemu resume" */;
			buildPhases = (
				D32273EB218535AD0068A69D /* Sources */,
				D32273EC218535AD0068A69D /* Frameworks */,
				D32273ED218535AD0068A69D /* Resources */,
			);
			buildRules = (
			);
			dependencies = (
			);
			name = "akarsh seggemu resume";
			productName = "akarsh seggemu resume";
			productReference = D32273EF218535AD0068A69D /* akarsh seggemu resume.app */;
			productType = "com.apple.product-type.application";
		};
/* End PBXNativeTarget section */

/* Begin PBXProject section */
		D32273E7218535AD0068A69D /* Project object */ = {
			isa = PBXProject;
			attributes = {
				LastSwiftUpdateCheck = 1000;
				LastUpgradeCheck = 1000;
				ORGANIZATIONNAME = "Akarsh Seggemu";
				TargetAttributes = {
					D32273EE218535AD0068A69D = {
						CreatedOnToolsVersion = 10.0;
					};
				};
			};
			buildConfigurationList = D32273EA218535AD0068A69D /* Build configuration list for PBXProject "akarsh seggemu resume" */;
			compatibilityVersion = "Xcode 9.3";
			developmentRegion = en;
			hasScannedForEncodings = 0;
			knownRegions = (
				en,
				Base,
			);
			mainGroup = D32273E6218535AD0068A69D;
			productRefGroup = D32273F0218535AD0068A69D /* Products */;
			projectDirPath = "";
			projectRoot = "";
			targets = (
				D32273EE218535AD0068A69D /* akarsh seggemu resume */,
			);
		};
/* End PBXProject section */

/* Begin PBXResourcesBuildPhase section */
		D32273ED218535AD0068A69D /* Resources */ = {
			isa = PBXResourcesBuildPhase;
			buildActionMask = 2147483647;
			files = (
				D3E300D221A4D0980068D820 /* ResumeSchemaLayout.storyboard in Resources */,
				D32273FD218535AE0068A69D /* LaunchScreen.storyboard in Resources */,
				D32273FA218535AE0068A69D /* Assets.xcassets in Resources */,
				D32273F8218535AD0068A69D /* Main.storyboard in Resources */,
			);
			runOnlyForDeploymentPostprocessing = 0;
		};
/* End PBXResourcesBuildPhase section */

/* Begin PBXSourcesBuildPhase section */
		D32273EB218535AD0068A69D /* Sources */ = {
			isa = PBXSourcesBuildPhase;
			buildActionMask = 2147483647;
			files = (
				D324D66121860B9D0089CD44 /* MainTableViewController.swift in Sources */,
				D3B42ABC21867BC500F183B9 /* Resume.swift in Sources */,
				D359DC7921AB74B4008011EE /* ResumeSchemaTableViewCell.swift in Sources */,
				D359DC7B21AB7593008011EE /* ResumeSchemaTableViewController.swift in Sources */,
				D3B28BE721A6236000029A3F /* MainTableViewCell.swift in Sources */,
				D32273F3218535AD0068A69D /* AppDelegate.swift in Sources */,
			);
			runOnlyForDeploymentPostprocessing = 0;
		};
/* End PBXSourcesBuildPhase section */

/* Begin PBXVariantGroup section */
		D32273F6218535AD0068A69D /* Main.storyboard */ = {
			isa = PBXVariantGroup;
			children = (
				D32273F7218535AD0068A69D /* Base */,
			);
			name = Main.storyboard;
			sourceTree = "<group>";
		};
		D32273FB218535AE0068A69D /* LaunchScreen.storyboard */ = {
			isa = PBXVariantGroup;
			children = (
				D32273FC218535AE0068A69D /* Base */,
			);
			name = LaunchScreen.storyboard;
			sourceTree = "<group>";
		};
/* End PBXVariantGroup section */

/* Begin XCBuildConfiguration section */
		D32273FF218535AE0068A69D /* Debug */ = {
			isa = XCBuildConfiguration;
			buildSettings = {
				ALWAYS_SEARCH_USER_PATHS = NO;
				CLANG_ANALYZER_NONNULL = YES;
				CLANG_ANALYZER_NUMBER_OBJECT_CONVERSION = YES_AGGRESSIVE;
				CLANG_CXX_LANGUAGE_STANDARD = "gnu++14";
				CLANG_CXX_LIBRARY = "libc++";
				CLANG_ENABLE_MODULES = YES;
				CLANG_ENABLE_OBJC_ARC = YES;
				CLANG_ENABLE_OBJC_WEAK = YES;
				CLANG_WARN_BLOCK_CAPTURE_AUTORELEASING = YES;
				CLANG_WARN_BOOL_CONVERSION = YES;
				CLANG_WARN_COMMA = YES;
				CLANG_WARN_CONSTANT_CONVERSION = YES;
				CLANG_WARN_DEPRECATED_OBJC_IMPLEMENTATIONS = YES;
				CLANG_WARN_DIRECT_OBJC_ISA_USAGE = YES_ERROR;
				CLANG_WARN_DOCUMENTATION_COMMENTS = YES;
				CLANG_WARN_EMPTY_BODY = YES;
				CLANG_WARN_ENUM_CONVERSION = YES;
				CLANG_WARN_INFINITE_RECURSION = YES;
				CLANG_WARN_INT_CONVERSION = YES;
				CLANG_WARN_NON_LITERAL_NULL_CONVERSION = YES;
				CLANG_WARN_OBJC_IMPLICIT_RETAIN_SELF = YES;
				CLANG_WARN_OBJC_LITERAL_CONVERSION = YES;
				CLANG_WARN_OBJC_ROOT_CLASS = YES_ERROR;
				CLANG_WARN_RANGE_LOOP_ANALYSIS = YES;
				CLANG_WARN_STRICT_PROTOTYPES = YES;
				CLANG_WARN_SUSPICIOUS_MOVE = YES;
				CLANG_WARN_UNGUARDED_AVAILABILITY = YES_AGGRESSIVE;
				CLANG_WARN_UNREACHABLE_CODE = YES;
				CLANG_WARN__DUPLICATE_METHOD_MATCH = YES;
				CODE_SIGN_IDENTITY = "iPhone Developer";
				COPY_PHASE_STRIP = NO;
				DEBUG_INFORMATION_FORMAT = dwarf;
				ENABLE_STRICT_OBJC_MSGSEND = YES;
				ENABLE_TESTABILITY = YES;
				GCC_C_LANGUAGE_STANDARD = gnu11;
				GCC_DYNAMIC_NO_PIC = NO;
				GCC_NO_COMMON_BLOCKS = YES;
				GCC_OPTIMIZATION_LEVEL = 0;
				GCC_PREPROCESSOR_DEFINITIONS = (
					"DEBUG=1",
					"$(inherited)",
				);
				GCC_WARN_64_TO_32_BIT_CONVERSION = YES;
				GCC_WARN_ABOUT_RETURN_TYPE = YES_ERROR;
				GCC_WARN_UNDECLARED_SELECTOR = YES;
				GCC_WARN_UNINITIALIZED_AUTOS = YES_AGGRESSIVE;
				GCC_WARN_UNUSED_FUNCTION = YES;
				GCC_WARN_UNUSED_VARIABLE = YES;
				IPHONEOS_DEPLOYMENT_TARGET = 9.0;
				MTL_ENABLE_DEBUG_INFO = INCLUDE_SOURCE;
				MTL_FAST_MATH = YES;
				ONLY_ACTIVE_ARCH = YES;
				SDKROOT = iphoneos;
				SWIFT_ACTIVE_COMPILATION_CONDITIONS = DEBUG;
				SWIFT_OPTIMIZATION_LEVEL = "-Onone";
			};
			name = Debug;
		};
		D3227400218535AE0068A69D /* Release */ = {
			isa = XCBuildConfiguration;
			buildSettings = {
				ALWAYS_SEARCH_USER_PATHS = NO;
				CLANG_ANALYZER_NONNULL = YES;
				CLANG_ANALYZER_NUMBER_OBJECT_CONVERSION = YES_AGGRESSIVE;
				CLANG_CXX_LANGUAGE_STANDARD = "gnu++14";
				CLANG_CXX_LIBRARY = "libc++";
				CLANG_ENABLE_MODULES = YES;
				CLANG_ENABLE_OBJC_ARC = YES;
				CLANG_ENABLE_OBJC_WEAK = YES;
				CLANG_WARN_BLOCK_CAPTURE_AUTORELEASING = YES;
				CLANG_WARN_BOOL_CONVERSION = YES;
				CLANG_WARN_COMMA = YES;
				CLANG_WARN_CONSTANT_CONVERSION = YES;
				CLANG_WARN_DEPRECATED_OBJC_IMPLEMENTATIONS = YES;
				CLANG_WARN_DIRECT_OBJC_ISA_USAGE = YES_ERROR;
				CLANG_WARN_DOCUMENTATION_COMMENTS = YES;
				CLANG_WARN_EMPTY_BODY = YES;
				CLANG_WARN_ENUM_CONVERSION = YES;
				CLANG_WARN_INFINITE_RECURSION = YES;
				CLANG_WARN_INT_CONVERSION = YES;
				CLANG_WARN_NON_LITERAL_NULL_CONVERSION = YES;
				CLANG_WARN_OBJC_IMPLICIT_RETAIN_SELF = YES;
				CLANG_WARN_OBJC_LITERAL_CONVERSION = YES;
				CLANG_WARN_OBJC_ROOT_CLASS = YES_ERROR;
				CLANG_WARN_RANGE_LOOP_ANALYSIS = YES;
				CLANG_WARN_STRICT_PROTOTYPES = YES;
				CLANG_WARN_SUSPICIOUS_MOVE = YES;
				CLANG_WARN_UNGUARDED_AVAILABILITY = YES_AGGRESSIVE;
				CLANG_WARN_UNREACHABLE_CODE = YES;
				CLANG_WARN__DUPLICATE_METHOD_MATCH = YES;
				CODE_SIGN_IDENTITY = "iPhone Developer";
				COPY_PHASE_STRIP = NO;
				DEBUG_INFORMATION_FORMAT = "dwarf-with-dsym";
				ENABLE_NS_ASSERTIONS = NO;
				ENABLE_STRICT_OBJC_MSGSEND = YES;
				GCC_C_LANGUAGE_STANDARD = gnu11;
				GCC_NO_COMMON_BLOCKS = YES;
				GCC_WARN_64_TO_32_BIT_CONVERSION = YES;
				GCC_WARN_ABOUT_RETURN_TYPE = YES_ERROR;
				GCC_WARN_UNDECLARED_SELECTOR = YES;
				GCC_WARN_UNINITIALIZED_AUTOS = YES_AGGRESSIVE;
				GCC_WARN_UNUSED_FUNCTION = YES;
				GCC_WARN_UNUSED_VARIABLE = YES;
				IPHONEOS_DEPLOYMENT_TARGET = 9.0;
				MTL_ENABLE_DEBUG_INFO = NO;
				MTL_FAST_MATH = YES;
				SDKROOT = iphoneos;
				SWIFT_COMPILATION_MODE = wholemodule;
				SWIFT_OPTIMIZATION_LEVEL = "-O";
				VALIDATE_PRODUCT = YES;
			};
			name = Release;
		};
		D3227402218535AE0068A69D /* Debug */ = {
			isa = XCBuildConfiguration;
			buildSettings = {
				ASSETCATALOG_COMPILER_APPICON_NAME = AppIcon;
				CODE_SIGN_STYLE = Automatic;
				DEVELOPMENT_TEAM = CZND2QNBTJ;
				INFOPLIST_FILE = "$(SRCROOT)/akarsh seggemu resume/Assets/Info.plist";
				LD_RUNPATH_SEARCH_PATHS = (
					"$(inherited)",
					"@executable_path/Frameworks",
				);
				PRODUCT_BUNDLE_IDENTIFIER = "com.sakarsh.akarsh-seggemu-resume";
				PRODUCT_NAME = "$(TARGET_NAME)";
				SWIFT_VERSION = 4.2;
				TARGETED_DEVICE_FAMILY = "1,2";
			};
			name = Debug;
		};
		D3227403218535AE0068A69D /* Release */ = {
			isa = XCBuildConfiguration;
			buildSettings = {
				ASSETCATALOG_COMPILER_APPICON_NAME = AppIcon;
				CODE_SIGN_STYLE = Automatic;
				DEVELOPMENT_TEAM = CZND2QNBTJ;
				INFOPLIST_FILE = "$(SRCROOT)/akarsh seggemu resume/Assets/Info.plist";
				LD_RUNPATH_SEARCH_PATHS = (
					"$(inherited)",
					"@executable_path/Frameworks",
				);
				PRODUCT_BUNDLE_IDENTIFIER = "com.sakarsh.akarsh-seggemu-resume";
				PRODUCT_NAME = "$(TARGET_NAME)";
				SWIFT_VERSION = 4.2;
				TARGETED_DEVICE_FAMILY = "1,2";
			};
			name = Release;
		};
/* End XCBuildConfiguration section */

/* Begin XCConfigurationList section */
		D32273EA218535AD0068A69D /* Build configuration list for PBXProject "akarsh seggemu resume" */ = {
			isa = XCConfigurationList;
			buildConfigurations = (
				D32273FF218535AE0068A69D /* Debug */,
				D3227400218535AE0068A69D /* Release */,
			);
			defaultConfigurationIsVisible = 0;
			defaultConfigurationName = Release;
		};
		D3227401218535AE0068A69D /* Build configuration list for PBXNativeTarget "akarsh seggemu resume" */ = {
			isa = XCConfigurationList;
			buildConfigurations = (
				D3227402218535AE0068A69D /* Debug */,
				D3227403218535AE0068A69D /* Release */,
			);
			defaultConfigurationIsVisible = 0;
			defaultConfigurationName = Release;
		};
/* End XCConfigurationList section */
	};
	rootObject = D32273E7218535AD0068A69D /* Project object */;
}
